// !$*UTF8*$!
{
	archiveVersion = 1;
	classes = {
	};
	objectVersion = 56;
	objects = {

/* Begin PBXBuildFile section */
		42573D952AEAFB0C00696ABD /* EmojiArtApp.swift in Sources */ = {isa = PBXBuildFile; fileRef = 42573D942AEAFB0C00696ABD /* EmojiArtApp.swift */; };
		42573D972AEAFB0C00696ABD /* EmojiArtDocumentView.swift in Sources */ = {isa = PBXBuildFile; fileRef = 42573D962AEAFB0C00696ABD /* EmojiArtDocumentView.swift */; };
		42573D992AEAFB0D00696ABD /* Assets.xcassets in Resources */ = {isa = PBXBuildFile; fileRef = 42573D982AEAFB0D00696ABD /* Assets.xcassets */; };
		42573D9C2AEAFB0D00696ABD /* Preview Assets.xcassets in Resources */ = {isa = PBXBuildFile; fileRef = 42573D9B2AEAFB0D00696ABD /* Preview Assets.xcassets */; };
		427B0F4E2D3CA57300E385FF /* PaletteStore.swift in Sources */ = {isa = PBXBuildFile; fileRef = 427B0F4D2D3CA56C00E385FF /* PaletteStore.swift */; };
		427B0F502D3CB57900E385FF /* PaletteChooser.swift in Sources */ = {isa = PBXBuildFile; fileRef = 427B0F4F2D3CB57400E385FF /* PaletteChooser.swift */; };
		427B0F522D3CC6BE00E385FF /* PaletteEditor.swift in Sources */ = {isa = PBXBuildFile; fileRef = 427B0F512D3CC6BE00E385FF /* PaletteEditor.swift */; };
		42BF64D12D47EAEB00DFEDD6 /* PaletteManager.swift in Sources */ = {isa = PBXBuildFile; fileRef = 42BF64D02D47EAEB00DFEDD6 /* PaletteManager.swift */; };
		42C910F42AEAFBE300E17EC5 /* EmojiArtModel.swift in Sources */ = {isa = PBXBuildFile; fileRef = 42C910F32AEAFBE300E17EC5 /* EmojiArtModel.swift */; };
		42C910F62AEAFE0F00E17EC5 /* EmojiArtModel.Background.swift in Sources */ = {isa = PBXBuildFile; fileRef = 42C910F52AEAFE0F00E17EC5 /* EmojiArtModel.Background.swift */; };
		42EA3C562AEC047F0007D6F2 /* EmojiArtDocument.swift in Sources */ = {isa = PBXBuildFile; fileRef = 42EA3C552AEC047E0007D6F2 /* EmojiArtDocument.swift */; };
		42EA3C582AEC0A010007D6F2 /* UtilityExtensions.swift in Sources */ = {isa = PBXBuildFile; fileRef = 42EA3C572AEC0A010007D6F2 /* UtilityExtensions.swift */; };
		42EA3C5A2AEC0BB60007D6F2 /* UtilityViews.swift in Sources */ = {isa = PBXBuildFile; fileRef = 42EA3C592AEC0BB60007D6F2 /* UtilityViews.swift */; };
/* End PBXBuildFile section */

/* Begin PBXFileReference section */
		42573D912AEAFB0C00696ABD /* EmojiArt.app */ = {isa = PBXFileReference; explicitFileType = wrapper.application; includeInIndex = 0; path = EmojiArt.app; sourceTree = BUILT_PRODUCTS_DIR; };
		42573D942AEAFB0C00696ABD /* EmojiArtApp.swift */ = {isa = PBXFileReference; lastKnownFileType = sourcecode.swift; path = EmojiArtApp.swift; sourceTree = "<group>"; };
		42573D962AEAFB0C00696ABD /* EmojiArtDocumentView.swift */ = {isa = PBXFileReference; lastKnownFileType = sourcecode.swift; path = EmojiArtDocumentView.swift; sourceTree = "<group>"; };
		42573D982AEAFB0D00696ABD /* Assets.xcassets */ = {isa = PBXFileReference; lastKnownFileType = folder.assetcatalog; path = Assets.xcassets; sourceTree = "<group>"; };
		42573D9B2AEAFB0D00696ABD /* Preview Assets.xcassets */ = {isa = PBXFileReference; lastKnownFileType = folder.assetcatalog; path = "Preview Assets.xcassets"; sourceTree = "<group>"; };
		427B0F4D2D3CA56C00E385FF /* PaletteStore.swift */ = {isa = PBXFileReference; lastKnownFileType = sourcecode.swift; path = PaletteStore.swift; sourceTree = "<group>"; };
		427B0F4F2D3CB57400E385FF /* PaletteChooser.swift */ = {isa = PBXFileReference; lastKnownFileType = sourcecode.swift; path = PaletteChooser.swift; sourceTree = "<group>"; };
		427B0F512D3CC6BE00E385FF /* PaletteEditor.swift */ = {isa = PBXFileReference; lastKnownFileType = sourcecode.swift; path = PaletteEditor.swift; sourceTree = "<group>"; };
		42BF64D02D47EAEB00DFEDD6 /* PaletteManager.swift */ = {isa = PBXFileReference; lastKnownFileType = sourcecode.swift; path = PaletteManager.swift; sourceTree = "<group>"; };
		42C910F32AEAFBE300E17EC5 /* EmojiArtModel.swift */ = {isa = PBXFileReference; lastKnownFileType = sourcecode.swift; path = EmojiArtModel.swift; sourceTree = "<group>"; };
		42C910F52AEAFE0F00E17EC5 /* EmojiArtModel.Background.swift */ = {isa = PBXFileReference; lastKnownFileType = sourcecode.swift; path = EmojiArtModel.Background.swift; sourceTree = "<group>"; };
		42EA3C552AEC047E0007D6F2 /* EmojiArtDocument.swift */ = {isa = PBXFileReference; lastKnownFileType = sourcecode.swift; path = EmojiArtDocument.swift; sourceTree = "<group>"; };
		42EA3C572AEC0A010007D6F2 /* UtilityExtensions.swift */ = {isa = PBXFileReference; lastKnownFileType = sourcecode.swift; path = UtilityExtensions.swift; sourceTree = "<group>"; };
		42EA3C592AEC0BB60007D6F2 /* UtilityViews.swift */ = {isa = PBXFileReference; lastKnownFileType = sourcecode.swift; path = UtilityViews.swift; sourceTree = "<group>"; };
/* End PBXFileReference section */

/* Begin PBXFrameworksBuildPhase section */
		42573D8E2AEAFB0C00696ABD /* Frameworks */ = {
			isa = PBXFrameworksBuildPhase;
			buildActionMask = 2147483647;
			files = (
			);
			runOnlyForDeploymentPostprocessing = 0;
		};
/* End PBXFrameworksBuildPhase section */

/* Begin PBXGroup section */
		42573D882AEAFB0C00696ABD = {
			isa = PBXGroup;
			children = (
				42573D932AEAFB0C00696ABD /* EmojiArt */,
				42573D922AEAFB0C00696ABD /* Products */,
			);
			sourceTree = "<group>";
		};
		42573D922AEAFB0C00696ABD /* Products */ = {
			isa = PBXGroup;
			children = (
				42573D912AEAFB0C00696ABD /* EmojiArt.app */,
			);
			name = Products;
			sourceTree = "<group>";
		};
		42573D932AEAFB0C00696ABD /* EmojiArt */ = {
			isa = PBXGroup;
			children = (
				427B0F512D3CC6BE00E385FF /* PaletteEditor.swift */,
				427B0F4F2D3CB57400E385FF /* PaletteChooser.swift */,
				427B0F4D2D3CA56C00E385FF /* PaletteStore.swift */,
				42BF64D02D47EAEB00DFEDD6 /* PaletteManager.swift */,
				42573D942AEAFB0C00696ABD /* EmojiArtApp.swift */,
				42573D962AEAFB0C00696ABD /* EmojiArtDocumentView.swift */,
				42C910F32AEAFBE300E17EC5 /* EmojiArtModel.swift */,
				42C910F52AEAFE0F00E17EC5 /* EmojiArtModel.Background.swift */,
				42EA3C552AEC047E0007D6F2 /* EmojiArtDocument.swift */,
				42EA3C572AEC0A010007D6F2 /* UtilityExtensions.swift */,
				42EA3C592AEC0BB60007D6F2 /* UtilityViews.swift */,
				42573D982AEAFB0D00696ABD /* Assets.xcassets */,
				42573D9A2AEAFB0D00696ABD /* Preview Content */,
			);
			path = EmojiArt;
			sourceTree = "<group>";
		};
		42573D9A2AEAFB0D00696ABD /* Preview Content */ = {
			isa = PBXGroup;
			children = (
				42573D9B2AEAFB0D00696ABD /* Preview Assets.xcassets */,
			);
			path = "Preview Content";
			sourceTree = "<group>";
		};
/* End PBXGroup section */

/* Begin PBXNativeTarget section */
		42573D902AEAFB0C00696ABD /* EmojiArt */ = {
			isa = PBXNativeTarget;
			buildConfigurationList = 42573D9F2AEAFB0D00696ABD /* Build configuration list for PBXNativeTarget "EmojiArt" */;
			buildPhases = (
				42573D8D2AEAFB0C00696ABD /* Sources */,
				42573D8E2AEAFB0C00696ABD /* Frameworks */,
				42573D8F2AEAFB0C00696ABD /* Resources */,
			);
			buildRules = (
			);
			dependencies = (
			);
			name = EmojiArt;
			productName = EmojiArt;
			productReference = 42573D912AEAFB0C00696ABD /* EmojiArt.app */;
			productType = "com.apple.product-type.application";
		};
/* End PBXNativeTarget section */

/* Begin PBXProject section */
		42573D892AEAFB0C00696ABD /* Project object */ = {
			isa = PBXProject;
			attributes = {
				BuildIndependentTargetsInParallel = 1;
				LastSwiftUpdateCheck = 1500;
				LastUpgradeCheck = 1500;
				TargetAttributes = {
					42573D902AEAFB0C00696ABD = {
						CreatedOnToolsVersion = 15.0;
					};
				};
			};
			buildConfigurationList = 42573D8C2AEAFB0C00696ABD /* Build configuration list for PBXProject "EmojiArt" */;
			compatibilityVersion = "Xcode 14.0";
			developmentRegion = en;
			hasScannedForEncodings = 0;
			knownRegions = (
				en,
				Base,
			);
			mainGroup = 42573D882AEAFB0C00696ABD;
			productRefGroup = 42573D922AEAFB0C00696ABD /* Products */;
			projectDirPath = "";
			projectRoot = "";
			targets = (
				42573D902AEAFB0C00696ABD /* EmojiArt */,
			);
		};
/* End PBXProject section */

/* Begin PBXResourcesBuildPhase section */
		42573D8F2AEAFB0C00696ABD /* Resources */ = {
			isa = PBXResourcesBuildPhase;
			buildActionMask = 2147483647;
			files = (
				42573D9C2AEAFB0D00696ABD /* Preview Assets.xcassets in Resources */,
				42573D992AEAFB0D00696ABD /* Assets.xcassets in Resources */,
			);
			runOnlyForDeploymentPostprocessing = 0;
		};
/* End PBXResourcesBuildPhase section */

/* Begin PBXSourcesBuildPhase section */
		42573D8D2AEAFB0C00696ABD /* Sources */ = {
			isa = PBXSourcesBuildPhase;
			buildActionMask = 2147483647;
			files = (
				42EA3C5A2AEC0BB60007D6F2 /* UtilityViews.swift in Sources */,
				42BF64D12D47EAEB00DFEDD6 /* PaletteManager.swift in Sources */,
				427B0F4E2D3CA57300E385FF /* PaletteStore.swift in Sources */,
				427B0F522D3CC6BE00E385FF /* PaletteEditor.swift in Sources */,
				42573D972AEAFB0C00696ABD /* EmojiArtDocumentView.swift in Sources */,
				42573D952AEAFB0C00696ABD /* EmojiArtApp.swift in Sources */,
				42EA3C582AEC0A010007D6F2 /* UtilityExtensions.swift in Sources */,
				42EA3C562AEC047F0007D6F2 /* EmojiArtDocument.swift in Sources */,
				42C910F42AEAFBE300E17EC5 /* EmojiArtModel.swift in Sources */,
				42C910F62AEAFE0F00E17EC5 /* EmojiArtModel.Background.swift in Sources */,
				427B0F502D3CB57900E385FF /* PaletteChooser.swift in Sources */,
			);
			runOnlyForDeploymentPostprocessing = 0;
		};
/* End PBXSourcesBuildPhase section */

/* Begin XCBuildConfiguration section */
		42573D9D2AEAFB0D00696ABD /* Debug */ = {
			isa = XCBuildConfiguration;
			buildSettings = {
				ALWAYS_SEARCH_USER_PATHS = NO;
				ASSETCATALOG_COMPILER_GENERATE_SWIFT_ASSET_SYMBOL_EXTENSIONS = YES;
				CLANG_ANALYZER_NONNULL = YES;
				CLANG_ANALYZER_NUMBER_OBJECT_CONVERSION = YES_AGGRESSIVE;
				CLANG_CXX_LANGUAGE_STANDARD = "gnu++20";
				CLANG_ENABLE_MODULES = YES;
				CLANG_ENABLE_OBJC_ARC = YES;
				CLANG_ENABLE_OBJC_WEAK = YES;
				CLANG_WARN_BLOCK_CAPTURE_AUTORELEASING = YES;
				CLANG_WARN_BOOL_CONVERSION = YES;
				CLANG_WARN_COMMA = YES;
				CLANG_WARN_CONSTANT_CONVERSION = YES;
				CLANG_WARN_DEPRECATED_OBJC_IMPLEMENTATIONS = YES;
				CLANG_WARN_DIRECT_OBJC_ISA_USAGE = YES_ERROR;
				CLANG_WARN_DOCUMENTATION_COMMENTS = YES;
				CLANG_WARN_EMPTY_BODY = YES;
				CLANG_WARN_ENUM_CONVERSION = YES;
				CLANG_WARN_INFINITE_RECURSION = YES;
				CLANG_WARN_INT_CONVERSION = YES;
				CLANG_WARN_NON_LITERAL_NULL_CONVERSION = YES;
				CLANG_WARN_OBJC_IMPLICIT_RETAIN_SELF = YES;
				CLANG_WARN_OBJC_LITERAL_CONVERSION = YES;
				CLANG_WARN_OBJC_ROOT_CLASS = YES_ERROR;
				CLANG_WARN_QUOTED_INCLUDE_IN_FRAMEWORK_HEADER = YES;
				CLANG_WARN_RANGE_LOOP_ANALYSIS = YES;
				CLANG_WARN_STRICT_PROTOTYPES = YES;
				CLANG_WARN_SUSPICIOUS_MOVE = YES;
				CLANG_WARN_UNGUARDED_AVAILABILITY = YES_AGGRESSIVE;
				CLANG_WARN_UNREACHABLE_CODE = YES;
				CLANG_WARN__DUPLICATE_METHOD_MATCH = YES;
				COPY_PHASE_STRIP = NO;
				DEBUG_INFORMATION_FORMAT = dwarf;
				ENABLE_STRICT_OBJC_MSGSEND = YES;
				ENABLE_TESTABILITY = YES;
				ENABLE_USER_SCRIPT_SANDBOXING = YES;
				GCC_C_LANGUAGE_STANDARD = gnu17;
				GCC_DYNAMIC_NO_PIC = NO;
				GCC_NO_COMMON_BLOCKS = YES;
				GCC_OPTIMIZATION_LEVEL = 0;
				GCC_PREPROCESSOR_DEFINITIONS = (
					"DEBUG=1",
					"$(inherited)",
				);
				GCC_WARN_64_TO_32_BIT_CONVERSION = YES;
				GCC_WARN_ABOUT_RETURN_TYPE = YES_ERROR;
				GCC_WARN_UNDECLARED_SELECTOR = YES;
				GCC_WARN_UNINITIALIZED_AUTOS = YES_AGGRESSIVE;
				GCC_WARN_UNUSED_FUNCTION = YES;
				GCC_WARN_UNUSED_VARIABLE = YES;
				IPHONEOS_DEPLOYMENT_TARGET = 17.0;
				LOCALIZATION_PREFERS_STRING_CATALOGS = YES;
				MTL_ENABLE_DEBUG_INFO = INCLUDE_SOURCE;
				MTL_FAST_MATH = YES;
				ONLY_ACTIVE_ARCH = YES;
				SDKROOT = iphoneos;
				SWIFT_ACTIVE_COMPILATION_CONDITIONS = "DEBUG $(inherited)";
				SWIFT_OPTIMIZATION_LEVEL = "-Onone";
			};
			name = Debug;
		};
		42573D9E2AEAFB0D00696ABD /* Release */ = {
			isa = XCBuildConfiguration;
			buildSettings = {
				ALWAYS_SEARCH_USER_PATHS = NO;
				ASSETCATALOG_COMPILER_GENERATE_SWIFT_ASSET_SYMBOL_EXTENSIONS = YES;
				CLANG_ANALYZER_NONNULL = YES;
				CLANG_ANALYZER_NUMBER_OBJECT_CONVERSION = YES_AGGRESSIVE;
				CLANG_CXX_LANGUAGE_STANDARD = "gnu++20";
				CLANG_ENABLE_MODULES = YES;
				CLANG_ENABLE_OBJC_ARC = YES;
				CLANG_ENABLE_OBJC_WEAK = YES;
				CLANG_WARN_BLOCK_CAPTURE_AUTORELEASING = YES;
				CLANG_WARN_BOOL_CONVERSION = YES;
				CLANG_WARN_COMMA = YES;
				CLANG_WARN_CONSTANT_CONVERSION = YES;
				CLANG_WARN_DEPRECATED_OBJC_IMPLEMENTATIONS = YES;
				CLANG_WARN_DIRECT_OBJC_ISA_USAGE = YES_ERROR;
				CLANG_WARN_DOCUMENTATION_COMMENTS = YES;
				CLANG_WARN_EMPTY_BODY = YES;
				CLANG_WARN_ENUM_CONVERSION = YES;
				CLANG_WARN_INFINITE_RECURSION = YES;
				CLANG_WARN_INT_CONVERSION = YES;
				CLANG_WARN_NON_LITERAL_NULL_CONVERSION = YES;
				CLANG_WARN_OBJC_IMPLICIT_RETAIN_SELF = YES;
				CLANG_WARN_OBJC_LITERAL_CONVERSION = YES;
				CLANG_WARN_OBJC_ROOT_CLASS = YES_ERROR;
				CLANG_WARN_QUOTED_INCLUDE_IN_FRAMEWORK_HEADER = YES;
				CLANG_WARN_RANGE_LOOP_ANALYSIS = YES;
				CLANG_WARN_STRICT_PROTOTYPES = YES;
				CLANG_WARN_SUSPICIOUS_MOVE = YES;
				CLANG_WARN_UNGUARDED_AVAILABILITY = YES_AGGRESSIVE;
				CLANG_WARN_UNREACHABLE_CODE = YES;
				CLANG_WARN__DUPLICATE_METHOD_MATCH = YES;
				COPY_PHASE_STRIP = NO;
				DEBUG_INFORMATION_FORMAT = "dwarf-with-dsym";
				ENABLE_NS_ASSERTIONS = NO;
				ENABLE_STRICT_OBJC_MSGSEND = YES;
				ENABLE_USER_SCRIPT_SANDBOXING = YES;
				GCC_C_LANGUAGE_STANDARD = gnu17;
				GCC_NO_COMMON_BLOCKS = YES;
				GCC_WARN_64_TO_32_BIT_CONVERSION = YES;
				GCC_WARN_ABOUT_RETURN_TYPE = YES_ERROR;
				GCC_WARN_UNDECLARED_SELECTOR = YES;
				GCC_WARN_UNINITIALIZED_AUTOS = YES_AGGRESSIVE;
				GCC_WARN_UNUSED_FUNCTION = YES;
				GCC_WARN_UNUSED_VARIABLE = YES;
				IPHONEOS_DEPLOYMENT_TARGET = 17.0;
				LOCALIZATION_PREFERS_STRING_CATALOGS = YES;
				MTL_ENABLE_DEBUG_INFO = NO;
				MTL_FAST_MATH = YES;
				SDKROOT = iphoneos;
				SWIFT_COMPILATION_MODE = wholemodule;
				VALIDATE_PRODUCT = YES;
			};
			name = Release;
		};
		42573DA02AEAFB0D00696ABD /* Debug */ = {
			isa = XCBuildConfiguration;
			buildSettings = {
				ASSETCATALOG_COMPILER_APPICON_NAME = AppIcon;
				ASSETCATALOG_COMPILER_GLOBAL_ACCENT_COLOR_NAME = AccentColor;
				CODE_SIGN_STYLE = Automatic;
				CURRENT_PROJECT_VERSION = 1;
				DEVELOPMENT_ASSET_PATHS = "\"EmojiArt/Preview Content\"";
				DEVELOPMENT_TEAM = 3FMA3WV25L;
				ENABLE_PREVIEWS = YES;
				GENERATE_INFOPLIST_FILE = YES;
				INFOPLIST_KEY_UIApplicationSceneManifest_Generation = YES;
				INFOPLIST_KEY_UIApplicationSupportsIndirectInputEvents = YES;
				INFOPLIST_KEY_UILaunchScreen_Generation = YES;
				INFOPLIST_KEY_UIRequiresFullScreen = NO;
				INFOPLIST_KEY_UISupportedInterfaceOrientations = "UIInterfaceOrientationLandscapeLeft UIInterfaceOrientationLandscapeRight UIInterfaceOrientationPortrait";
				INFOPLIST_KEY_UISupportedInterfaceOrientations_iPad = "UIInterfaceOrientationLandscapeLeft UIInterfaceOrientationLandscapeRight UIInterfaceOrientationPortrait UIInterfaceOrientationPortraitUpsideDown";
				LD_RUNPATH_SEARCH_PATHS = (
					"$(inherited)",
					"@executable_path/Frameworks",
				);
				MARKETING_VERSION = 1.0;
				PRODUCT_BUNDLE_IDENTIFIER = br.com.papanis.EmojiArt;
				PRODUCT_NAME = "$(TARGET_NAME)";
				SWIFT_EMIT_LOC_STRINGS = YES;
				SWIFT_VERSION = 5.0;
				TARGETED_DEVICE_FAMILY = "1,2";
			};
			name = Debug;
		};
		42573DA12AEAFB0D00696ABD /* Release */ = {
			isa = XCBuildConfiguration;
			buildSettings = {
				ASSETCATALOG_COMPILER_APPICON_NAME = AppIcon;
				ASSETCATALOG_COMPILER_GLOBAL_ACCENT_COLOR_NAME = AccentColor;
				CODE_SIGN_STYLE = Automatic;
				CURRENT_PROJECT_VERSION = 1;
				DEVELOPMENT_ASSET_PATHS = "\"EmojiArt/Preview Content\"";
				DEVELOPMENT_TEAM = 3FMA3WV25L;
				ENABLE_PREVIEWS = YES;
				GENERATE_INFOPLIST_FILE = YES;
				INFOPLIST_KEY_UIApplicationSceneManifest_Generation = YES;
				INFOPLIST_KEY_UIApplicationSupportsIndirectInputEvents = YES;
				INFOPLIST_KEY_UILaunchScreen_Generation = YES;
				INFOPLIST_KEY_UIRequiresFullScreen = NO;
				INFOPLIST_KEY_UISupportedInterfaceOrientations = "UIInterfaceOrientationLandscapeLeft UIInterfaceOrientationLandscapeRight UIInterfaceOrientationPortrait";
				INFOPLIST_KEY_UISupportedInterfaceOrientations_iPad = "UIInterfaceOrientationLandscapeLeft UIInterfaceOrientationLandscapeRight UIInterfaceOrientationPortrait UIInterfaceOrientationPortraitUpsideDown";
				LD_RUNPATH_SEARCH_PATHS = (
					"$(inherited)",
					"@executable_path/Frameworks",
				);
				MARKETING_VERSION = 1.0;
				PRODUCT_BUNDLE_IDENTIFIER = br.com.papanis.EmojiArt;
				PRODUCT_NAME = "$(TARGET_NAME)";
				SWIFT_EMIT_LOC_STRINGS = YES;
				SWIFT_VERSION = 5.0;
				TARGETED_DEVICE_FAMILY = "1,2";
			};
			name = Release;
		};
/* End XCBuildConfiguration section */

/* Begin XCConfigurationList section */
		42573D8C2AEAFB0C00696ABD /* Build configuration list for PBXProject "EmojiArt" */ = {
			isa = XCConfigurationList;
			buildConfigurations = (
				42573D9D2AEAFB0D00696ABD /* Debug */,
				42573D9E2AEAFB0D00696ABD /* Release */,
			);
			defaultConfigurationIsVisible = 0;
			defaultConfigurationName = Release;
		};
		42573D9F2AEAFB0D00696ABD /* Build configuration list for PBXNativeTarget "EmojiArt" */ = {
			isa = XCConfigurationList;
			buildConfigurations = (
				42573DA02AEAFB0D00696ABD /* Debug */,
				42573DA12AEAFB0D00696ABD /* Release */,
			);
			defaultConfigurationIsVisible = 0;
			defaultConfigurationName = Release;
		};
/* End XCConfigurationList section */
	};
	rootObject = 42573D892AEAFB0C00696ABD /* Project object */;
}
